
Microsoft Visual Studio Solution File, Format Version 12.00
# Visual Studio Version 17
VisualStudioVersion = 17.11.35219.272
MinimumVisualStudioVersion = 10.0.40219.1
Project("{FAE04EC0-301F-11D3-BF4B-00C04F79EFBC}") = "LoL_eSport_Team_Mangager", "LoL_eSport_Team_Mangager.csproj", "{3541CCA2-B0D5-41CF-A3E9-A0A9BCA282BA}"
EndProject
Global
	GlobalSection(SolutionConfigurationPlatforms) = preSolution
		Debug|Any CPU = Debug|Any CPU
		Release|Any CPU = Release|Any CPU
	EndGlobalSection
	GlobalSection(ProjectConfigurationPlatforms) = postSolution
		{3541CCA2-B0D5-41CF-A3E9-A0A9BCA282BA}.Debug|Any CPU.ActiveCfg = Debug|Any CPU
		{3541CCA2-B0D5-41CF-A3E9-A0A9BCA282BA}.Debug|Any CPU.Build.0 = Debug|Any CPU
		{3541CCA2-B0D5-41CF-A3E9-A0A9BCA282BA}.Release|Any CPU.ActiveCfg = Release|Any CPU
		{3541CCA2-B0D5-41CF-A3E9-A0A9BCA282BA}.Release|Any CPU.Build.0 = Release|Any CPU
	EndGlobalSection
	GlobalSection(SolutionProperties) = preSolution
		HideSolutionNode = FALSE
	EndGlobalSection
	GlobalSection(ExtensibilityGlobals) = postSolution
		SolutionGuid = {0EAB4739-B535-4369-AB5D-8C3AF04E67B4}
	EndGlobalSection
EndGlobal
